// !$*UTF8*$!
{
	archiveVersion = 1;
	classes = {
	};
	objectVersion = 46;
	objects = {

/* Begin PBXBuildFile section */
		D8FA0A221D0352E3009B16ED /* AppDelegate.swift in Sources */ = {isa = PBXBuildFile; fileRef = D8FA0A211D0352E3009B16ED /* AppDelegate.swift */; };
		D8FA0A241D0352E3009B16ED /* GameScene.sks in Resources */ = {isa = PBXBuildFile; fileRef = D8FA0A231D0352E3009B16ED /* GameScene.sks */; };
		D8FA0A261D0352E3009B16ED /* GameScene.swift in Sources */ = {isa = PBXBuildFile; fileRef = D8FA0A251D0352E3009B16ED /* GameScene.swift */; };
		D8FA0A281D0352E3009B16ED /* GameViewController.swift in Sources */ = {isa = PBXBuildFile; fileRef = D8FA0A271D0352E3009B16ED /* GameViewController.swift */; };
		D8FA0A2B1D0352E3009B16ED /* Main.storyboard in Resources */ = {isa = PBXBuildFile; fileRef = D8FA0A291D0352E3009B16ED /* Main.storyboard */; };
		D8FA0A2D1D0352E3009B16ED /* Assets.xcassets in Resources */ = {isa = PBXBuildFile; fileRef = D8FA0A2C1D0352E3009B16ED /* Assets.xcassets */; };
		D8FA0A301D0352E3009B16ED /* LaunchScreen.storyboard in Resources */ = {isa = PBXBuildFile; fileRef = D8FA0A2E1D0352E3009B16ED /* LaunchScreen.storyboard */; };
		D8FA0A421D0475C2009B16ED /* StarKit.swift in Sources */ = {isa = PBXBuildFile; fileRef = D8FA0A411D0475C2009B16ED /* StarKit.swift */; };
/* End PBXBuildFile section */

/* Begin PBXFileReference section */
		D8FA0A1E1D0352E3009B16ED /* Shapes-Test.app */ = {isa = PBXFileReference; explicitFileType = wrapper.application; includeInIndex = 0; path = "Shapes-Test.app"; sourceTree = BUILT_PRODUCTS_DIR; };
		D8FA0A211D0352E3009B16ED /* AppDelegate.swift */ = {isa = PBXFileReference; lastKnownFileType = sourcecode.swift; path = AppDelegate.swift; sourceTree = "<group>"; };
		D8FA0A231D0352E3009B16ED /* GameScene.sks */ = {isa = PBXFileReference; lastKnownFileType = file.sks; path = GameScene.sks; sourceTree = "<group>"; };
		D8FA0A251D0352E3009B16ED /* GameScene.swift */ = {isa = PBXFileReference; lastKnownFileType = sourcecode.swift; path = GameScene.swift; sourceTree = "<group>"; };
		D8FA0A271D0352E3009B16ED /* GameViewController.swift */ = {isa = PBXFileReference; lastKnownFileType = sourcecode.swift; path = GameViewController.swift; sourceTree = "<group>"; };
		D8FA0A2A1D0352E3009B16ED /* Base */ = {isa = PBXFileReference; lastKnownFileType = file.storyboard; name = Base; path = Base.lproj/Main.storyboard; sourceTree = "<group>"; };
		D8FA0A2C1D0352E3009B16ED /* Assets.xcassets */ = {isa = PBXFileReference; lastKnownFileType = folder.assetcatalog; path = Assets.xcassets; sourceTree = "<group>"; };
		D8FA0A2F1D0352E3009B16ED /* Base */ = {isa = PBXFileReference; lastKnownFileType = file.storyboard; name = Base; path = Base.lproj/LaunchScreen.storyboard; sourceTree = "<group>"; };
		D8FA0A311D0352E3009B16ED /* Info.plist */ = {isa = PBXFileReference; lastKnownFileType = text.plist.xml; path = Info.plist; sourceTree = "<group>"; };
		D8FA0A411D0475C2009B16ED /* StarKit.swift */ = {isa = PBXFileReference; fileEncoding = 4; lastKnownFileType = sourcecode.swift; path = StarKit.swift; sourceTree = "<group>"; };
/* End PBXFileReference section */

/* Begin PBXFrameworksBuildPhase section */
		D8FA0A1B1D0352E3009B16ED /* Frameworks */ = {
			isa = PBXFrameworksBuildPhase;
			buildActionMask = 2147483647;
			files = (
			);
			runOnlyForDeploymentPostprocessing = 0;
		};
/* End PBXFrameworksBuildPhase section */

/* Begin PBXGroup section */
		D8FA0A151D0352E3009B16ED = {
			isa = PBXGroup;
			children = (
				D8FA0A201D0352E3009B16ED /* Shapes-Test */,
				D8FA0A1F1D0352E3009B16ED /* Products */,
				D8FA0A411D0475C2009B16ED /* StarKit.swift */,
			);
			sourceTree = "<group>";
		};
		D8FA0A1F1D0352E3009B16ED /* Products */ = {
			isa = PBXGroup;
			children = (
				D8FA0A1E1D0352E3009B16ED /* Shapes-Test.app */,
			);
			name = Products;
			sourceTree = "<group>";
		};
		D8FA0A201D0352E3009B16ED /* Shapes-Test */ = {
			isa = PBXGroup;
			children = (
				D8FA0A211D0352E3009B16ED /* AppDelegate.swift */,
				D8FA0A231D0352E3009B16ED /* GameScene.sks */,
				D8FA0A251D0352E3009B16ED /* GameScene.swift */,
				D8FA0A271D0352E3009B16ED /* GameViewController.swift */,
				D8FA0A291D0352E3009B16ED /* Main.storyboard */,
				D8FA0A2C1D0352E3009B16ED /* Assets.xcassets */,
				D8FA0A2E1D0352E3009B16ED /* LaunchScreen.storyboard */,
				D8FA0A311D0352E3009B16ED /* Info.plist */,
			);
			path = "Shapes-Test";
			sourceTree = "<group>";
		};
/* End PBXGroup section */

/* Begin PBXNativeTarget section */
		D8FA0A1D1D0352E3009B16ED /* Shapes-Test */ = {
			isa = PBXNativeTarget;
			buildConfigurationList = D8FA0A341D0352E3009B16ED /* Build configuration list for PBXNativeTarget "Shapes-Test" */;
			buildPhases = (
				D8FA0A1A1D0352E3009B16ED /* Sources */,
				D8FA0A1B1D0352E3009B16ED /* Frameworks */,
				D8FA0A1C1D0352E3009B16ED /* Resources */,
			);
			buildRules = (
			);
			dependencies = (
			);
			name = "Shapes-Test";
			productName = "Shapes-Test";
			productReference = D8FA0A1E1D0352E3009B16ED /* Shapes-Test.app */;
			productType = "com.apple.product-type.application";
		};
/* End PBXNativeTarget section */

/* Begin PBXProject section */
		D8FA0A161D0352E3009B16ED /* Project object */ = {
			isa = PBXProject;
			attributes = {
				LastSwiftUpdateCheck = 0730;
				LastUpgradeCheck = 0730;
				ORGANIZATIONNAME = "mitchell hudson";
				TargetAttributes = {
					D8FA0A1D1D0352E3009B16ED = {
						CreatedOnToolsVersion = 7.3.1;
					};
				};
			};
			buildConfigurationList = D8FA0A191D0352E3009B16ED /* Build configuration list for PBXProject "Shapes-Test" */;
			compatibilityVersion = "Xcode 3.2";
			developmentRegion = English;
			hasScannedForEncodings = 0;
			knownRegions = (
				en,
				Base,
			);
			mainGroup = D8FA0A151D0352E3009B16ED;
			productRefGroup = D8FA0A1F1D0352E3009B16ED /* Products */;
			projectDirPath = "";
			projectRoot = "";
			targets = (
				D8FA0A1D1D0352E3009B16ED /* Shapes-Test */,
			);
		};
/* End PBXProject section */

/* Begin PBXResourcesBuildPhase section */
		D8FA0A1C1D0352E3009B16ED /* Resources */ = {
			isa = PBXResourcesBuildPhase;
			buildActionMask = 2147483647;
			files = (
				D8FA0A241D0352E3009B16ED /* GameScene.sks in Resources */,
				D8FA0A301D0352E3009B16ED /* LaunchScreen.storyboard in Resources */,
				D8FA0A2D1D0352E3009B16ED /* Assets.xcassets in Resources */,
				D8FA0A2B1D0352E3009B16ED /* Main.storyboard in Resources */,
			);
			runOnlyForDeploymentPostprocessing = 0;
		};
/* End PBXResourcesBuildPhase section */

/* Begin PBXSourcesBuildPhase section */
		D8FA0A1A1D0352E3009B16ED /* Sources */ = {
			isa = PBXSourcesBuildPhase;
			buildActionMask = 2147483647;
			files = (
				D8FA0A261D0352E3009B16ED /* GameScene.swift in Sources */,
				D8FA0A281D0352E3009B16ED /* GameViewController.swift in Sources */,
				D8FA0A421D0475C2009B16ED /* StarKit.swift in Sources */,
				D8FA0A221D0352E3009B16ED /* AppDelegate.swift in Sources */,
			);
			runOnlyForDeploymentPostprocessing = 0;
		};
/* End PBXSourcesBuildPhase section */

/* Begin PBXVariantGroup section */
		D8FA0A291D0352E3009B16ED /* Main.storyboard */ = {
			isa = PBXVariantGroup;
			children = (
				D8FA0A2A1D0352E3009B16ED /* Base */,
			);
			name = Main.storyboard;
			sourceTree = "<group>";
		};
		D8FA0A2E1D0352E3009B16ED /* LaunchScreen.storyboard */ = {
			isa = PBXVariantGroup;
			children = (
				D8FA0A2F1D0352E3009B16ED /* Base */,
			);
			name = LaunchScreen.storyboard;
			sourceTree = "<group>";
		};
/* End PBXVariantGroup section */

/* Begin XCBuildConfiguration section */
		D8FA0A321D0352E3009B16ED /* Debug */ = {
			isa = XCBuildConfiguration;
			buildSettings = {
				ALWAYS_SEARCH_USER_PATHS = NO;
				CLANG_ANALYZER_NONNULL = YES;
				CLANG_CXX_LANGUAGE_STANDARD = "gnu++0x";
				CLANG_CXX_LIBRARY = "libc++";
				CLANG_ENABLE_MODULES = YES;
				CLANG_ENABLE_OBJC_ARC = YES;
				CLANG_WARN_BOOL_CONVERSION = YES;
				CLANG_WARN_CONSTANT_CONVERSION = YES;
				CLANG_WARN_DIRECT_OBJC_ISA_USAGE = YES_ERROR;
				CLANG_WARN_EMPTY_BODY = YES;
				CLANG_WARN_ENUM_CONVERSION = YES;
				CLANG_WARN_INT_CONVERSION = YES;
				CLANG_WARN_OBJC_ROOT_CLASS = YES_ERROR;
				CLANG_WARN_UNREACHABLE_CODE = YES;
				CLANG_WARN__DUPLICATE_METHOD_MATCH = YES;
				"CODE_SIGN_IDENTITY[sdk=iphoneos*]" = "iPhone Developer";
				COPY_PHASE_STRIP = NO;
				DEBUG_INFORMATION_FORMAT = "dwarf-with-dsym";
				ENABLE_STRICT_OBJC_MSGSEND = YES;
				ENABLE_TESTABILITY = YES;
				GCC_C_LANGUAGE_STANDARD = gnu99;
				GCC_DYNAMIC_NO_PIC = NO;
				GCC_NO_COMMON_BLOCKS = YES;
				GCC_OPTIMIZATION_LEVEL = 0;
				GCC_PREPROCESSOR_DEFINITIONS = (
					"DEBUG=1",
					"$(inherited)",
				);
				GCC_WARN_64_TO_32_BIT_CONVERSION = YES;
				GCC_WARN_ABOUT_RETURN_TYPE = YES_ERROR;
				GCC_WARN_UNDECLARED_SELECTOR = YES;
				GCC_WARN_UNINITIALIZED_AUTOS = YES_AGGRESSIVE;
				GCC_WARN_UNUSED_FUNCTION = YES;
				GCC_WARN_UNUSED_VARIABLE = YES;
				IPHONEOS_DEPLOYMENT_TARGET = 9.3;
				MTL_ENABLE_DEBUG_INFO = YES;
				ONLY_ACTIVE_ARCH = YES;
				SDKROOT = iphoneos;
				SWIFT_OPTIMIZATION_LEVEL = "-Onone";
			};
			name = Debug;
		};
		D8FA0A331D0352E3009B16ED /* Release */ = {
			isa = XCBuildConfiguration;
			buildSettings = {
				ALWAYS_SEARCH_USER_PATHS = NO;
				CLANG_ANALYZER_NONNULL = YES;
				CLANG_CXX_LANGUAGE_STANDARD = "gnu++0x";
				CLANG_CXX_LIBRARY = "libc++";
				CLANG_ENABLE_MODULES = YES;
				CLANG_ENABLE_OBJC_ARC = YES;
				CLANG_WARN_BOOL_CONVERSION = YES;
				CLANG_WARN_CONSTANT_CONVERSION = YES;
				CLANG_WARN_DIRECT_OBJC_ISA_USAGE = YES_ERROR;
				CLANG_WARN_EMPTY_BODY = YES;
				CLANG_WARN_ENUM_CONVERSION = YES;
				CLANG_WARN_INT_CONVERSION = YES;
				CLANG_WARN_OBJC_ROOT_CLASS = YES_ERROR;
				CLANG_WARN_UNREACHABLE_CODE = YES;
				CLANG_WARN__DUPLICATE_METHOD_MATCH = YES;
				"CODE_SIGN_IDENTITY[sdk=iphoneos*]" = "iPhone Developer";
				COPY_PHASE_STRIP = NO;
				DEBUG_INFORMATION_FORMAT = "dwarf-with-dsym";
				ENABLE_NS_ASSERTIONS = NO;
				ENABLE_STRICT_OBJC_MSGSEND = YES;
				GCC_C_LANGUAGE_STANDARD = gnu99;
				GCC_NO_COMMON_BLOCKS = YES;
				GCC_WARN_64_TO_32_BIT_CONVERSION = YES;
				GCC_WARN_ABOUT_RETURN_TYPE = YES_ERROR;
				GCC_WARN_UNDECLARED_SELECTOR = YES;
				GCC_WARN_UNINITIALIZED_AUTOS = YES_AGGRESSIVE;
				GCC_WARN_UNUSED_FUNCTION = YES;
				GCC_WARN_UNUSED_VARIABLE = YES;
				IPHONEOS_DEPLOYMENT_TARGET = 9.3;
				MTL_ENABLE_DEBUG_INFO = NO;
				SDKROOT = iphoneos;
				VALIDATE_PRODUCT = YES;
			};
			name = Release;
		};
		D8FA0A351D0352E3009B16ED /* Debug */ = {
			isa = XCBuildConfiguration;
			buildSettings = {
				ASSETCATALOG_COMPILER_APPICON_NAME = AppIcon;
				INFOPLIST_FILE = "Shapes-Test/Info.plist";
				LD_RUNPATH_SEARCH_PATHS = "$(inherited) @executable_path/Frameworks";
				PRODUCT_BUNDLE_IDENTIFIER = "com.webdevils.Shapes-Test";
				PRODUCT_NAME = "$(TARGET_NAME)";
			};
			name = Debug;
		};
		D8FA0A361D0352E3009B16ED /* Release */ = {
			isa = XCBuildConfiguration;
			buildSettings = {
				ASSETCATALOG_COMPILER_APPICON_NAME = AppIcon;
				INFOPLIST_FILE = "Shapes-Test/Info.plist";
				LD_RUNPATH_SEARCH_PATHS = "$(inherited) @executable_path/Frameworks";
				PRODUCT_BUNDLE_IDENTIFIER = "com.webdevils.Shapes-Test";
				PRODUCT_NAME = "$(TARGET_NAME)";
			};
			name = Release;
		};
/* End XCBuildConfiguration section */

/* Begin XCConfigurationList section */
		D8FA0A191D0352E3009B16ED /* Build configuration list for PBXProject "Shapes-Test" */ = {
			isa = XCConfigurationList;
			buildConfigurations = (
				D8FA0A321D0352E3009B16ED /* Debug */,
				D8FA0A331D0352E3009B16ED /* Release */,
			);
			defaultConfigurationIsVisible = 0;
			defaultConfigurationName = Release;
		};
		D8FA0A341D0352E3009B16ED /* Build configuration list for PBXNativeTarget "Shapes-Test" */ = {
			isa = XCConfigurationList;
			buildConfigurations = (
				D8FA0A351D0352E3009B16ED /* Debug */,
				D8FA0A361D0352E3009B16ED /* Release */,
			);
			defaultConfigurationIsVisible = 0;
		};
/* End XCConfigurationList section */
	};
	rootObject = D8FA0A161D0352E3009B16ED /* Project object */;
}
